{
  "name": "path",
  "lockfileVersion": 3,
  "requires": true,
  "packages": {
    "": {
      "dependencies": {
        "mime": "^4.0.6"
      }
    },
    "node_modules/mime": {
      "version": "4.0.6",
      "resolved": "https://registry.npmjs.org/mime/-/mime-4.0.6.tgz",
      "integrity": "sha512-4rGt7rvQHBbaSOF9POGkk1ocRP16Md1x36Xma8sz8h8/vfCUI2OtEIeCqe4Ofes853x4xDoPiFLIT47J5fI/7A==",
      "funding": [
        "https://github.com/sponsors/broofa"
      ],
      "license": "MIT",
      "bin": {
        "mime": "bin/cli.js"
      },
      "engines": {
        "node": ">=16"
      }
    }
  }
}
