{
  "name": "domain",
  "lockfileVersion": 3,
  "requires": true,
  "packages": {
    "": {
      "dependencies": {
        "domain": "^0.0.1"
      }
    },
    "node_modules/async": {
      "version": "2.6.2",
      "resolved": "https://registry.npmjs.org/async/-/async-2.6.2.tgz",
      "integrity": "sha512-H1qVYh1MYhEEFLsP97cVKqCGo7KfCyTt6uEWqsTBr9SO84oK9Uwbyd/yCW+6rKJLHksBNUVWZDAjfS+Ccx0Bbg==",
      "license": "MIT",
      "dependencies": {
        "lodash": "^4.17.11"
      }
    },
    "node_modules/co": {
      "version": "3.1.0",
      "resolved": "https://registry.npmjs.org/co/-/co-3.1.0.tgz",
      "integrity": "sha512-CQsjCRiNObI8AtTsNIBDRMQ4oMR83CzEswHYahClvul7gKk+lDQiOKv+5qh7LQWf5sh6jkZNispz/QlsZxyNgA==",
      "license": "MIT"
    },
    "node_modules/debug": {
      "version": "3.1.0",
      "resolved": "https://registry.npmjs.org/debug/-/debug-3.1.0.tgz",
      "integrity": "sha512-OX8XqP7/1a9cqkxYw2yXss15f26NKWBpDXQd0/uK/KPqdQhxbPa994hnzjcE2VqQpDslf55723cKPUOGSmMY3g==",
      "license": "MIT",
      "dependencies": {
        "ms": "2.0.0"
      }
    },
    "node_modules/domain": {
      "version": "0.0.1",
      "resolved": "https://registry.npmjs.org/domain/-/domain-0.0.1.tgz",
      "integrity": "sha512-oZXpNgZUBGonvB9a38D3TBwW/Qi3h/ZF/abTHYzpKN4QlJIflh28RvtUoHHNI5mW5oAX0N3VO3IRBN6EExoQgg==",
      "license": "MIT",
      "dependencies": {
        "co": "^3.1.0",
        "eventstore": "^1.0.3",
        "shortid": "^2.0.1",
        "should": "^4.1.0",
        "thunkify": "^2.1.2"
      }
    },
    "node_modules/dotty": {
      "version": "0.0.2",
      "resolved": "https://registry.npmjs.org/dotty/-/dotty-0.0.2.tgz",
      "integrity": "sha512-FyXolk/kSOpWRJO4iXXFfiihyJ5OQsOdxa/4Sj4cd9Bhla6xN8ak7ErY16aI3kPMWyXCzkZE2GTXHTY88oKK1w==",
      "license": "BSD"
    },
    "node_modules/eventstore": {
      "version": "1.15.5",
      "resolved": "https://registry.npmjs.org/eventstore/-/eventstore-1.15.5.tgz",
      "integrity": "sha512-L1sJFMoNfPQgz8jQb9CBTs71xBz07lY5oR1ZDntAM7tCxKTVSQ1CXGpPB12M9oRVkDd3YmLO6FL8Hgpc/r1Btg==",
      "dependencies": {
        "async": "2.6.2",
        "debug": "3.1.0",
        "dotty": "0.0.2",
        "jsondate": "0.0.1",
        "lodash": "4.17.19",
        "parent-require": "1.0.0",
        "tolerance": "1.0.0",
        "uuid": "3.3.3"
      },
      "engines": {
        "node": ">=0.8.0"
      }
    },
    "node_modules/jsondate": {
      "version": "0.0.1",
      "resolved": "https://registry.npmjs.org/jsondate/-/jsondate-0.0.1.tgz",
      "integrity": "sha512-7erjn70xKiVaSBCeiZvw3BAXAwNo8PKofxfVdwwuvsa8HxDM9g7x21KH64whD76BlNRl2WRkX3RoqiFvSfYxag==",
      "engines": {
        "node": "*"
      }
    },
    "node_modules/lodash": {
      "version": "4.17.19",
      "resolved": "https://registry.npmjs.org/lodash/-/lodash-4.17.19.tgz",
      "integrity": "sha512-JNvd8XER9GQX0v2qJgsaN/mzFCNA5BRe/j8JN9d+tWyGLSodKQHKFicdwNYzWwI3wjRnaKPsGj1XkBjx/F96DQ==",
      "license": "MIT"
    },
    "node_modules/ms": {
      "version": "2.0.0",
      "resolved": "https://registry.npmjs.org/ms/-/ms-2.0.0.tgz",
      "integrity": "sha512-Tpp60P6IUJDTuOq/5Z8cdskzJujfwqfOTkrwIwj7IRISpnkJnT6SyJ4PCPnGMoFjC9ddhal5KVIYtAt97ix05A==",
      "license": "MIT"
    },
    "node_modules/nanoid": {
      "version": "3.3.8",
      "resolved": "https://registry.npmjs.org/nanoid/-/nanoid-3.3.8.tgz",
      "integrity": "sha512-WNLf5Sd8oZxOm+TzppcYk8gVOgP+l58xNy58D0nbUnOxOWRWvlcCV4kUF7ltmI6PsrLl/BgKEyS4mqsGChFN0w==",
      "funding": [
        {
          "type": "github",
          "url": "https://github.com/sponsors/ai"
        }
      ],
      "license": "MIT",
      "bin": {
        "nanoid": "bin/nanoid.cjs"
      },
      "engines": {
        "node": "^10 || ^12 || ^13.7 || ^14 || >=15.0.1"
      }
    },
    "node_modules/parent-require": {
      "version": "1.0.0",
      "resolved": "https://registry.npmjs.org/parent-require/-/parent-require-1.0.0.tgz",
      "integrity": "sha512-2MXDNZC4aXdkkap+rBBMv0lUsfJqvX5/2FiYYnfCnorZt3Pk06/IOR5KeaoghgS2w07MLWgjbsnyaq6PdHn2LQ==",
      "engines": {
        "node": ">= 0.4.0"
      }
    },
    "node_modules/retry": {
      "version": "0.13.1",
      "resolved": "https://registry.npmjs.org/retry/-/retry-0.13.1.tgz",
      "integrity": "sha512-XQBQ3I8W1Cge0Seh+6gjj03LbmRFWuoszgK9ooCpwYIrhhoO80pfq4cUkU5DkknwfOfFteRwlZ56PYOGYyFWdg==",
      "license": "MIT",
      "engines": {
        "node": ">= 4"
      }
    },
    "node_modules/shortid": {
      "version": "2.2.17",
      "resolved": "https://registry.npmjs.org/shortid/-/shortid-2.2.17.tgz",
      "integrity": "sha512-GpbM3gLF1UUXZvQw6MCyulHkWbRseNO4cyBEZresZRorwl1+SLu1ZdqgVtuwqz8mB6RpwPkm541mYSqrKyJSaA==",
      "license": "MIT",
      "dependencies": {
        "nanoid": "^3.3.8"
      }
    },
    "node_modules/should": {
      "version": "4.6.5",
      "resolved": "https://registry.npmjs.org/should/-/should-4.6.5.tgz",
      "integrity": "sha512-k6+QDvVxph/xH9mVAEZjFF5iw0G17x59PiiRxdMvWMFuj0+gXlKdDMzODBlbsIyzfLk/2XigJlaI6qj1hFMlHg==",
      "license": "MIT",
      "dependencies": {
        "should-equal": "0.3.1",
        "should-format": "0.0.7",
        "should-type": "0.0.4"
      }
    },
    "node_modules/should-equal": {
      "version": "0.3.1",
      "resolved": "https://registry.npmjs.org/should-equal/-/should-equal-0.3.1.tgz",
      "integrity": "sha512-/Q/o9EL9CJlCsy817ZkcQVlyUzyeWUxS9HkXUrqv4tTg+aOXEwvOpR1odT0K9DwcMA0gCy452K71YJA1E6K1mQ==",
      "license": "MIT",
      "dependencies": {
        "should-type": "0.0.4"
      }
    },
    "node_modules/should-format": {
      "version": "0.0.7",
      "resolved": "https://registry.npmjs.org/should-format/-/should-format-0.0.7.tgz",
      "integrity": "sha512-8oNurKotJEQy+HboLxAHkgKQ+dRfV9TmVAvcY3He1RdnE994M39JTmkCt67cWaygVLKUfBcLRITkpHy2Hsgwcg==",
      "license": "MIT",
      "dependencies": {
        "should-type": "0.0.4"
      }
    },
    "node_modules/should-type": {
      "version": "0.0.4",
      "resolved": "https://registry.npmjs.org/should-type/-/should-type-0.0.4.tgz",
      "integrity": "sha512-ve9tkv/i29COtupPlu2g4SXGefgSTjDTBI8d5UgSmT52T9T5VBpZY9/Ygn5Pb3dcCaiMyEzBAxBkpUGxEbbMDw==",
      "license": "MIT"
    },
    "node_modules/thunkify": {
      "version": "2.1.2",
      "resolved": "https://registry.npmjs.org/thunkify/-/thunkify-2.1.2.tgz",
      "integrity": "sha512-w9foI80XcGImrhMQ19pxunaEC5Rp2uzxZZg4XBAFRfiLOplk3F0l7wo+bO16vC2/nlQfR/mXZxcduo0MF2GWLg==",
      "license": "MIT"
    },
    "node_modules/tolerance": {
      "version": "1.0.0",
      "resolved": "https://registry.npmjs.org/tolerance/-/tolerance-1.0.0.tgz",
      "integrity": "sha512-sNpS6/auTMyvy4aXrrOwhQtekMP3/7DD/EOcE+L1yDu00OuFEMIVYwy/0sHwiDQKUwpFjRlLlffNwfUnULJ62Q==",
      "license": "MIT",
      "dependencies": {
        "retry": ">=0.6.0"
      },
      "engines": {
        "node": ">=0.6.x",
        "npm": ">=1.1.x"
      }
    },
    "node_modules/uuid": {
      "version": "3.3.3",
      "resolved": "https://registry.npmjs.org/uuid/-/uuid-3.3.3.tgz",
      "integrity": "sha512-pW0No1RGHgzlpHJO1nsVrHKpOEIxkGg1xB+v0ZmdNH5OAeAwzAVrCnI2/6Mtx+Uys6iaylxa+D3g4j63IKKjSQ==",
      "deprecated": "Please upgrade  to version 7 or higher.  Older versions may use Math.random() in certain circumstances, which is known to be problematic.  See https://v8.dev/blog/math-random for details.",
      "license": "MIT",
      "bin": {
        "uuid": "bin/uuid"
      }
    }
  }
}
